
Microsoft Visual Studio Solution File, Format Version 12.00
# Visual Studio Version 16
VisualStudioVersion = 16.0.29418.71
MinimumVisualStudioVersion = 10.0.40219.1
Project("{FAE04EC0-301F-11D3-BF4B-00C04F79EFBC}") = "RenderToyWPF", "RenderToyWPF\RenderToyWPF.csproj", "{D98DB157-6492-4FDF-926C-684EF1AFE84A}"
EndProject
Project("{2150E333-8FDC-42A3-9474-1A3956D46DE8}") = "Solution Items", "Solution Items", "{E187D00B-78FC-4A46-BD6F-D1CAB3D95A7C}"
	ProjectSection(SolutionItems) = preProject
		.gitignore = .gitignore
		LICENSE.txt = LICENSE.txt
		README.md = README.md
		Data\VulkanFragment.spv = Data\VulkanFragment.spv
		Data\VulkanShader.frag = Data\VulkanShader.frag
		Data\VulkanShader.vert = Data\VulkanShader.vert
		Data\VulkanVertex.spv = Data\VulkanVertex.spv
	EndProjectSection
EndProject
Project("{8BC9CEB8-8B4A-11D0-8D11-00A0C91BC942}") = "RenderToyCLI", "RenderToyCLI\RenderToyCLI.vcxproj", "{E68E5ECF-2731-45DC-A334-4FC4651EE0AF}"
	ProjectSection(ProjectDependencies) = postProject
		{F0F75962-767A-4906-A338-F5E1BD6FB606} = {F0F75962-767A-4906-A338-F5E1BD6FB606}
	EndProjectSection
EndProject
Project("{2150E333-8FDC-42A3-9474-1A3956D46DE8}") = "RenderToy Core", "RenderToy Core", "{538E759D-CC5D-4EBB-90BC-8938046A925B}"
EndProject
Project("{2150E333-8FDC-42A3-9474-1A3956D46DE8}") = "RenderToy UI WPF", "RenderToy UI WPF", "{4245020D-436B-458F-85C8-AFC3491A89F0}"
EndProject
Project("{8BC9CEB8-8B4A-11D0-8D11-00A0C91BC942}") = "RenderToyCOM", "RenderToyCOM\RenderToyCOM.vcxproj", "{F0F75962-767A-4906-A338-F5E1BD6FB606}"
EndProject
Global
	GlobalSection(SolutionConfigurationPlatforms) = preSolution
		Debug|x64 = Debug|x64
		Debug|x86 = Debug|x86
		Release|x64 = Release|x64
		Release|x86 = Release|x86
	EndGlobalSection
	GlobalSection(ProjectConfigurationPlatforms) = postSolution
		{D98DB157-6492-4FDF-926C-684EF1AFE84A}.Debug|x64.ActiveCfg = Debug|x64
		{D98DB157-6492-4FDF-926C-684EF1AFE84A}.Debug|x64.Build.0 = Debug|x64
		{D98DB157-6492-4FDF-926C-684EF1AFE84A}.Debug|x86.ActiveCfg = Debug|x64
		{D98DB157-6492-4FDF-926C-684EF1AFE84A}.Release|x64.ActiveCfg = Release|x64
		{D98DB157-6492-4FDF-926C-684EF1AFE84A}.Release|x64.Build.0 = Release|x64
		{D98DB157-6492-4FDF-926C-684EF1AFE84A}.Release|x86.ActiveCfg = Release|x64
		{E68E5ECF-2731-45DC-A334-4FC4651EE0AF}.Debug|x64.ActiveCfg = Debug|x64
		{E68E5ECF-2731-45DC-A334-4FC4651EE0AF}.Debug|x64.Build.0 = Debug|x64
		{E68E5ECF-2731-45DC-A334-4FC4651EE0AF}.Debug|x86.ActiveCfg = Debug|x64
		{E68E5ECF-2731-45DC-A334-4FC4651EE0AF}.Release|x64.ActiveCfg = Release|x64
		{E68E5ECF-2731-45DC-A334-4FC4651EE0AF}.Release|x64.Build.0 = Release|x64
		{E68E5ECF-2731-45DC-A334-4FC4651EE0AF}.Release|x86.ActiveCfg = Release|x64
		{F0F75962-767A-4906-A338-F5E1BD6FB606}.Debug|x64.ActiveCfg = Debug|x64
		{F0F75962-767A-4906-A338-F5E1BD6FB606}.Debug|x64.Build.0 = Debug|x64
		{F0F75962-767A-4906-A338-F5E1BD6FB606}.Debug|x86.ActiveCfg = Debug|x64
		{F0F75962-767A-4906-A338-F5E1BD6FB606}.Release|x64.ActiveCfg = Release|x64
		{F0F75962-767A-4906-A338-F5E1BD6FB606}.Release|x64.Build.0 = Release|x64
		{F0F75962-767A-4906-A338-F5E1BD6FB606}.Release|x86.ActiveCfg = Release|x64
	EndGlobalSection
	GlobalSection(SolutionProperties) = preSolution
		HideSolutionNode = FALSE
	EndGlobalSection
	GlobalSection(NestedProjects) = preSolution
		{D98DB157-6492-4FDF-926C-684EF1AFE84A} = {4245020D-436B-458F-85C8-AFC3491A89F0}
		{E68E5ECF-2731-45DC-A334-4FC4651EE0AF} = {538E759D-CC5D-4EBB-90BC-8938046A925B}
		{F0F75962-767A-4906-A338-F5E1BD6FB606} = {538E759D-CC5D-4EBB-90BC-8938046A925B}
	EndGlobalSection
	GlobalSection(ExtensibilityGlobals) = postSolution
		SolutionGuid = {B8307FCD-BF35-462A-A7E7-62A533E764D5}
	EndGlobalSection
EndGlobal
