
Microsoft Visual Studio Solution File, Format Version 12.00
# Visual Studio 15
VisualStudioVersion = 15.0.27130.2036
MinimumVisualStudioVersion = 10.0.40219.1
Project("{FAE04EC0-301F-11D3-BF4B-00C04F79EFBC}") = "RenderToyWPF", "RenderToyWPF\RenderToyWPF.csproj", "{D98DB157-6492-4FDF-926C-684EF1AFE84A}"
EndProject
Project("{2150E333-8FDC-42A3-9474-1A3956D46DE8}") = "Solution Items", "Solution Items", "{E187D00B-78FC-4A46-BD6F-D1CAB3D95A7C}"
	ProjectSection(SolutionItems) = preProject
		.gitignore = .gitignore
		LICENSE.txt = LICENSE.txt
		README.md = README.md
	EndProjectSection
EndProject
Project("{8BC9CEB8-8B4A-11D0-8D11-00A0C91BC942}") = "RenderToyCLI", "RenderToyCLI\RenderToyCLI.vcxproj", "{E68E5ECF-2731-45DC-A334-4FC4651EE0AF}"
EndProject
Project("{FAE04EC0-301F-11D3-BF4B-00C04F79EFBC}") = "RenderToyUWP", "RenderToyUWP\RenderToyUWP.csproj", "{201B2138-C542-4C95-901C-5F5066C9B625}"
	ProjectSection(ProjectDependencies) = postProject
		{95D65CDC-0B6B-4D8C-8930-C6E4845829E1} = {95D65CDC-0B6B-4D8C-8930-C6E4845829E1}
	EndProjectSection
EndProject
Project("{2150E333-8FDC-42A3-9474-1A3956D46DE8}") = "RenderToy UI UWP", "RenderToy UI UWP", "{F6C625C0-AF0F-4C98-9861-2766422B7B98}"
EndProject
Project("{2150E333-8FDC-42A3-9474-1A3956D46DE8}") = "RenderToy Core", "RenderToy Core", "{538E759D-CC5D-4EBB-90BC-8938046A925B}"
EndProject
Project("{2150E333-8FDC-42A3-9474-1A3956D46DE8}") = "RenderToy UI WPF", "RenderToy UI WPF", "{4245020D-436B-458F-85C8-AFC3491A89F0}"
EndProject
Project("{D954291E-2A0B-460D-934E-DC6B0785DB48}") = "RenderToyCoreShared", "RenderToyCoreShared\RenderToyCoreShared.shproj", "{496D4D78-F405-4D98-90D4-DA9B9FFA7E34}"
EndProject
Project("{8BC9CEB8-8B4A-11D0-8D11-00A0C91BC942}") = "RenderToyCX", "RenderToyCX\RenderToyCX.vcxproj", "{EAD22804-7609-4EBD-AC81-F28DB4F18AED}"
EndProject
Project("{FAE04EC0-301F-11D3-BF4B-00C04F79EFBC}") = "RenderToyUWP_Art", "RenderToyUWP_Art\RenderToyUWP_Art.csproj", "{95D65CDC-0B6B-4D8C-8930-C6E4845829E1}"
EndProject
Project("{FAE04EC0-301F-11D3-BF4B-00C04F79EFBC}") = "RenderToyCoreTest", "RenderToyCoreTest\RenderToyCoreTest.csproj", "{0AFAED8E-B5AB-4693-8698-6686481C0784}"
EndProject
Project("{FAE04EC0-301F-11D3-BF4B-00C04F79EFBC}") = "RenderToyWPFIsolation", "RenderToyWPFIsolation\RenderToyWPFIsolation.csproj", "{5EC8C9A2-46EF-4767-BF70-E6551893D2CA}"
EndProject
Project("{D954291E-2A0B-460D-934E-DC6B0785DB48}") = "RenderToyWPFShared", "RenderToyWPFShared\RenderToyWPFShared.shproj", "{BC2D7F38-71A7-4F50-B206-BD97D2D46F12}"
EndProject
Project("{D954291E-2A0B-460D-934E-DC6B0785DB48}") = "RenderToyMathShared", "RenderToyMathShared\RenderToyMathShared.shproj", "{9C6F2652-2992-447E-8A45-A347549D35BC}"
EndProject
Project("{FAE04EC0-301F-11D3-BF4B-00C04F79EFBC}") = "RenderToyCoreLibrary", "RenderToyCoreLibrary\RenderToyCoreLibrary.csproj", "{44234705-FBD6-4D0E-885F-D01B4E2D23CE}"
EndProject
Project("{2150E333-8FDC-42A3-9474-1A3956D46DE8}") = "RenderToy UI OpenVR", "RenderToy UI OpenVR", "{546840B0-02F2-45DE-80A8-CAE753F5B394}"
EndProject
Project("{FAE04EC0-301F-11D3-BF4B-00C04F79EFBC}") = "RenderToyOpenVR", "RenderToyOpenVR\RenderToyOpenVR.csproj", "{66A303AB-013C-4F5F-A227-490A4B4D1138}"
EndProject
Global
	GlobalSection(SharedMSBuildProjectFiles) = preSolution
		RenderToyCoreShared\RenderToyCoreShared.projitems*{201b2138-c542-4c95-901c-5f5066c9b625}*SharedItemsImports = 4
		RenderToyCoreShared\RenderToyCoreShared.projitems*{44234705-fbd6-4d0e-885f-d01b4e2d23ce}*SharedItemsImports = 4
		RenderToyMathShared\RenderToyMathShared.projitems*{44234705-fbd6-4d0e-885f-d01b4e2d23ce}*SharedItemsImports = 4
		RenderToyCoreShared\RenderToyCoreShared.projitems*{496d4d78-f405-4d98-90d4-da9b9ffa7e34}*SharedItemsImports = 13
		RenderToyCoreShared\RenderToyCoreShared.projitems*{5ec8c9a2-46ef-4767-bf70-e6551893d2ca}*SharedItemsImports = 4
		RenderToyMathShared\RenderToyMathShared.projitems*{5ec8c9a2-46ef-4767-bf70-e6551893d2ca}*SharedItemsImports = 4
		RenderToyWPFShared\RenderToyWPFShared.projitems*{5ec8c9a2-46ef-4767-bf70-e6551893d2ca}*SharedItemsImports = 4
		RenderToyCoreShared\RenderToyCoreShared.projitems*{95d65cdc-0b6b-4d8c-8930-c6e4845829e1}*SharedItemsImports = 4
		RenderToyMathShared\RenderToyMathShared.projitems*{9c6f2652-2992-447e-8a45-a347549d35bc}*SharedItemsImports = 13
		RenderToyWPFShared\RenderToyWPFShared.projitems*{bc2d7f38-71a7-4f50-b206-bd97d2d46f12}*SharedItemsImports = 13
		RenderToyCoreShared\RenderToyCoreShared.projitems*{d98db157-6492-4fdf-926c-684ef1afe84a}*SharedItemsImports = 4
		RenderToyMathShared\RenderToyMathShared.projitems*{d98db157-6492-4fdf-926c-684ef1afe84a}*SharedItemsImports = 4
		RenderToyWPFShared\RenderToyWPFShared.projitems*{d98db157-6492-4fdf-926c-684ef1afe84a}*SharedItemsImports = 4
	EndGlobalSection
	GlobalSection(SolutionConfigurationPlatforms) = preSolution
		Debug|x64 = Debug|x64
		Release|x64 = Release|x64
	EndGlobalSection
	GlobalSection(ProjectConfigurationPlatforms) = postSolution
		{D98DB157-6492-4FDF-926C-684EF1AFE84A}.Debug|x64.ActiveCfg = Debug|x64
		{D98DB157-6492-4FDF-926C-684EF1AFE84A}.Debug|x64.Build.0 = Debug|x64
		{D98DB157-6492-4FDF-926C-684EF1AFE84A}.Release|x64.ActiveCfg = Release|x64
		{D98DB157-6492-4FDF-926C-684EF1AFE84A}.Release|x64.Build.0 = Release|x64
		{E68E5ECF-2731-45DC-A334-4FC4651EE0AF}.Debug|x64.ActiveCfg = Debug|x64
		{E68E5ECF-2731-45DC-A334-4FC4651EE0AF}.Debug|x64.Build.0 = Debug|x64
		{E68E5ECF-2731-45DC-A334-4FC4651EE0AF}.Release|x64.ActiveCfg = Release|x64
		{E68E5ECF-2731-45DC-A334-4FC4651EE0AF}.Release|x64.Build.0 = Release|x64
		{201B2138-C542-4C95-901C-5F5066C9B625}.Debug|x64.ActiveCfg = Debug|x64
		{201B2138-C542-4C95-901C-5F5066C9B625}.Release|x64.ActiveCfg = Release|x64
		{201B2138-C542-4C95-901C-5F5066C9B625}.Release|x64.Deploy.0 = Release|x64
		{EAD22804-7609-4EBD-AC81-F28DB4F18AED}.Debug|x64.ActiveCfg = Debug|x64
		{EAD22804-7609-4EBD-AC81-F28DB4F18AED}.Release|x64.ActiveCfg = Release|x64
		{95D65CDC-0B6B-4D8C-8930-C6E4845829E1}.Debug|x64.ActiveCfg = Debug|x64
		{95D65CDC-0B6B-4D8C-8930-C6E4845829E1}.Release|x64.ActiveCfg = Release|x64
		{0AFAED8E-B5AB-4693-8698-6686481C0784}.Debug|x64.ActiveCfg = Debug|x64
		{0AFAED8E-B5AB-4693-8698-6686481C0784}.Debug|x64.Build.0 = Debug|x64
		{0AFAED8E-B5AB-4693-8698-6686481C0784}.Release|x64.ActiveCfg = Release|x64
		{0AFAED8E-B5AB-4693-8698-6686481C0784}.Release|x64.Build.0 = Release|x64
		{5EC8C9A2-46EF-4767-BF70-E6551893D2CA}.Debug|x64.ActiveCfg = Debug|x64
		{5EC8C9A2-46EF-4767-BF70-E6551893D2CA}.Debug|x64.Build.0 = Debug|x64
		{5EC8C9A2-46EF-4767-BF70-E6551893D2CA}.Release|x64.ActiveCfg = Release|x64
		{5EC8C9A2-46EF-4767-BF70-E6551893D2CA}.Release|x64.Build.0 = Release|x64
		{44234705-FBD6-4D0E-885F-D01B4E2D23CE}.Debug|x64.ActiveCfg = Debug|x64
		{44234705-FBD6-4D0E-885F-D01B4E2D23CE}.Debug|x64.Build.0 = Debug|x64
		{44234705-FBD6-4D0E-885F-D01B4E2D23CE}.Release|x64.ActiveCfg = Release|x64
		{44234705-FBD6-4D0E-885F-D01B4E2D23CE}.Release|x64.Build.0 = Release|x64
		{66A303AB-013C-4F5F-A227-490A4B4D1138}.Debug|x64.ActiveCfg = Debug|x64
		{66A303AB-013C-4F5F-A227-490A4B4D1138}.Debug|x64.Build.0 = Debug|x64
		{66A303AB-013C-4F5F-A227-490A4B4D1138}.Release|x64.ActiveCfg = Release|x64
		{66A303AB-013C-4F5F-A227-490A4B4D1138}.Release|x64.Build.0 = Release|x64
	EndGlobalSection
	GlobalSection(SolutionProperties) = preSolution
		HideSolutionNode = FALSE
	EndGlobalSection
	GlobalSection(NestedProjects) = preSolution
		{D98DB157-6492-4FDF-926C-684EF1AFE84A} = {4245020D-436B-458F-85C8-AFC3491A89F0}
		{E68E5ECF-2731-45DC-A334-4FC4651EE0AF} = {4245020D-436B-458F-85C8-AFC3491A89F0}
		{201B2138-C542-4C95-901C-5F5066C9B625} = {F6C625C0-AF0F-4C98-9861-2766422B7B98}
		{496D4D78-F405-4D98-90D4-DA9B9FFA7E34} = {538E759D-CC5D-4EBB-90BC-8938046A925B}
		{EAD22804-7609-4EBD-AC81-F28DB4F18AED} = {F6C625C0-AF0F-4C98-9861-2766422B7B98}
		{95D65CDC-0B6B-4D8C-8930-C6E4845829E1} = {F6C625C0-AF0F-4C98-9861-2766422B7B98}
		{0AFAED8E-B5AB-4693-8698-6686481C0784} = {538E759D-CC5D-4EBB-90BC-8938046A925B}
		{5EC8C9A2-46EF-4767-BF70-E6551893D2CA} = {4245020D-436B-458F-85C8-AFC3491A89F0}
		{BC2D7F38-71A7-4F50-B206-BD97D2D46F12} = {4245020D-436B-458F-85C8-AFC3491A89F0}
		{9C6F2652-2992-447E-8A45-A347549D35BC} = {538E759D-CC5D-4EBB-90BC-8938046A925B}
		{44234705-FBD6-4D0E-885F-D01B4E2D23CE} = {538E759D-CC5D-4EBB-90BC-8938046A925B}
		{66A303AB-013C-4F5F-A227-490A4B4D1138} = {546840B0-02F2-45DE-80A8-CAE753F5B394}
	EndGlobalSection
	GlobalSection(ExtensibilityGlobals) = postSolution
		SolutionGuid = {B8307FCD-BF35-462A-A7E7-62A533E764D5}
	EndGlobalSection
EndGlobal
