<?xml version="1.0" encoding="utf-8"?>
<Project ToolsVersion="4.0" xmlns="http://schemas.microsoft.com/developer/msbuild/2003">
  <ItemGroup>
    <ClCompile Include="..\RenderToyCoreCPP\InteropDirect3D11.cpp" />
    <ClCompile Include="..\RenderToyCoreCPP\InteropDirect3D12.cpp" />
    <ClCompile Include="..\RenderToyCoreCPP\InteropDirect3D9.cpp" />
    <ClCompile Include="..\RenderToyCoreCPP\InteropDirect3DCompiler.cpp" />
    <ClCompile Include="..\RenderToyCoreCPP\InteropOpenVR.cpp" />
    <ClCompile Include="..\RenderToyCoreCPP\RaytraceExportAMP.cpp" />
    <ClCompile Include="..\RenderToyCoreCPP\RaytraceExportCPU.cpp" />
    <ClCompile Include="..\RenderToyCoreCPP\RaytraceExportCUDA.cpp" />
    <ClCompile Include="..\RenderToyCoreCPP\RenderToyCLI.cpp" />
    <ClCompile Include="InteropLibPNG.cpp" />
    <ClCompile Include="..\ThirdParty\zlib\adler32.c">
      <Filter>zlib</Filter>
    </ClCompile>
    <ClCompile Include="..\ThirdParty\zlib\compress.c">
      <Filter>zlib</Filter>
    </ClCompile>
    <ClCompile Include="..\ThirdParty\zlib\crc32.c">
      <Filter>zlib</Filter>
    </ClCompile>
    <ClCompile Include="..\ThirdParty\zlib\deflate.c">
      <Filter>zlib</Filter>
    </ClCompile>
    <ClCompile Include="..\ThirdParty\zlib\gzclose.c">
      <Filter>zlib</Filter>
    </ClCompile>
    <ClCompile Include="..\ThirdParty\zlib\gzlib.c">
      <Filter>zlib</Filter>
    </ClCompile>
    <ClCompile Include="..\ThirdParty\zlib\gzread.c">
      <Filter>zlib</Filter>
    </ClCompile>
    <ClCompile Include="..\ThirdParty\zlib\gzwrite.c">
      <Filter>zlib</Filter>
    </ClCompile>
    <ClCompile Include="..\ThirdParty\zlib\infback.c">
      <Filter>zlib</Filter>
    </ClCompile>
    <ClCompile Include="..\ThirdParty\zlib\inffast.c">
      <Filter>zlib</Filter>
    </ClCompile>
    <ClCompile Include="..\ThirdParty\zlib\inflate.c">
      <Filter>zlib</Filter>
    </ClCompile>
    <ClCompile Include="..\ThirdParty\zlib\inftrees.c">
      <Filter>zlib</Filter>
    </ClCompile>
    <ClCompile Include="..\ThirdParty\libpng\png.c">
      <Filter>libpng</Filter>
    </ClCompile>
    <ClCompile Include="..\ThirdParty\libpng\pngerror.c">
      <Filter>libpng</Filter>
    </ClCompile>
    <ClCompile Include="..\ThirdParty\libpng\pngget.c">
      <Filter>libpng</Filter>
    </ClCompile>
    <ClCompile Include="..\ThirdParty\libpng\pngmem.c">
      <Filter>libpng</Filter>
    </ClCompile>
    <ClCompile Include="..\ThirdParty\libpng\pngpread.c">
      <Filter>libpng</Filter>
    </ClCompile>
    <ClCompile Include="..\ThirdParty\libpng\pngread.c">
      <Filter>libpng</Filter>
    </ClCompile>
    <ClCompile Include="..\ThirdParty\libpng\pngrio.c">
      <Filter>libpng</Filter>
    </ClCompile>
    <ClCompile Include="..\ThirdParty\libpng\pngrtran.c">
      <Filter>libpng</Filter>
    </ClCompile>
    <ClCompile Include="..\ThirdParty\libpng\pngrutil.c">
      <Filter>libpng</Filter>
    </ClCompile>
    <ClCompile Include="..\ThirdParty\libpng\pngset.c">
      <Filter>libpng</Filter>
    </ClCompile>
    <ClCompile Include="..\ThirdParty\libpng\pngtest.c">
      <Filter>libpng</Filter>
    </ClCompile>
    <ClCompile Include="..\ThirdParty\libpng\pngtrans.c">
      <Filter>libpng</Filter>
    </ClCompile>
    <ClCompile Include="..\ThirdParty\libpng\pngwio.c">
      <Filter>libpng</Filter>
    </ClCompile>
    <ClCompile Include="..\ThirdParty\libpng\pngwrite.c">
      <Filter>libpng</Filter>
    </ClCompile>
    <ClCompile Include="..\ThirdParty\libpng\pngwtran.c">
      <Filter>libpng</Filter>
    </ClCompile>
    <ClCompile Include="..\ThirdParty\libpng\pngwutil.c">
      <Filter>libpng</Filter>
    </ClCompile>
    <ClCompile Include="..\ThirdParty\zlib\trees.c">
      <Filter>zlib</Filter>
    </ClCompile>
    <ClCompile Include="..\ThirdParty\zlib\uncompr.c">
      <Filter>zlib</Filter>
    </ClCompile>
    <ClCompile Include="..\ThirdParty\zlib\zutil.c">
      <Filter>zlib</Filter>
    </ClCompile>
  </ItemGroup>
  <ItemGroup>
    <ClInclude Include="..\RenderToyCoreCPP\InteropCommon.h" />
    <ClInclude Include="..\RenderToyCoreCPP\Raytrace.h" />
    <ClInclude Include="..\RenderToyCoreCPP\RaytraceExportAMP.h" />
    <ClInclude Include="..\RenderToyCoreCPP\RaytraceExportCPU.h" />
    <ClInclude Include="..\RenderToyCoreCPP\RaytraceExportCUDA.h" />
    <ClInclude Include="..\ThirdParty\zlib\crc32.h">
      <Filter>zlib</Filter>
    </ClInclude>
    <ClInclude Include="..\ThirdParty\zlib\deflate.h">
      <Filter>zlib</Filter>
    </ClInclude>
    <ClInclude Include="..\ThirdParty\zlib\gzguts.h">
      <Filter>zlib</Filter>
    </ClInclude>
    <ClInclude Include="..\ThirdParty\zlib\inffast.h">
      <Filter>zlib</Filter>
    </ClInclude>
    <ClInclude Include="..\ThirdParty\zlib\inffixed.h">
      <Filter>zlib</Filter>
    </ClInclude>
    <ClInclude Include="..\ThirdParty\zlib\inflate.h">
      <Filter>zlib</Filter>
    </ClInclude>
    <ClInclude Include="..\ThirdParty\zlib\inftrees.h">
      <Filter>zlib</Filter>
    </ClInclude>
    <ClInclude Include="..\ThirdParty\libpng\png.h">
      <Filter>libpng</Filter>
    </ClInclude>
    <ClInclude Include="..\ThirdParty\libpng\pngconf.h">
      <Filter>libpng</Filter>
    </ClInclude>
    <ClInclude Include="..\ThirdParty\libpng\pngdebug.h">
      <Filter>libpng</Filter>
    </ClInclude>
    <ClInclude Include="..\ThirdParty\libpng\pnginfo.h">
      <Filter>libpng</Filter>
    </ClInclude>
    <ClInclude Include="..\ThirdParty\libpng\pnglibconf.h">
      <Filter>libpng</Filter>
    </ClInclude>
    <ClInclude Include="..\ThirdParty\libpng\pngpriv.h">
      <Filter>libpng</Filter>
    </ClInclude>
    <ClInclude Include="..\ThirdParty\libpng\pngstruct.h">
      <Filter>libpng</Filter>
    </ClInclude>
    <ClInclude Include="..\ThirdParty\zlib\trees.h">
      <Filter>zlib</Filter>
    </ClInclude>
    <ClInclude Include="..\ThirdParty\zlib\zconf.h">
      <Filter>zlib</Filter>
    </ClInclude>
    <ClInclude Include="..\ThirdParty\zlib\zlib.h">
      <Filter>zlib</Filter>
    </ClInclude>
    <ClInclude Include="..\ThirdParty\zlib\zutil.h">
      <Filter>zlib</Filter>
    </ClInclude>
  </ItemGroup>
  <ItemGroup>
    <None Include="..\RenderToyCoreCPP\Raytrace.inc" />
  </ItemGroup>
  <ItemGroup>
    <Text Include="README.txt" />
  </ItemGroup>
  <ItemGroup>
    <Filter Include="zlib">
      <UniqueIdentifier>{79dce90f-fb59-4507-ab69-5e75b07f103f}</UniqueIdentifier>
    </Filter>
    <Filter Include="libpng">
      <UniqueIdentifier>{9157a144-ec92-43f6-9cd3-8346b931f10a}</UniqueIdentifier>
    </Filter>
  </ItemGroup>
</Project>