<?xml version="1.0" encoding="utf-8"?>
<Project ToolsVersion="4.0" xmlns="http://schemas.microsoft.com/developer/msbuild/2003">
  <ItemGroup>
    <ClCompile Include="..\ThirdParty\zlib\adler32.c">
      <Filter>zlib</Filter>
    </ClCompile>
    <ClCompile Include="..\ThirdParty\zlib\compress.c">
      <Filter>zlib</Filter>
    </ClCompile>
    <ClCompile Include="..\ThirdParty\zlib\crc32.c">
      <Filter>zlib</Filter>
    </ClCompile>
    <ClCompile Include="..\ThirdParty\zlib\deflate.c">
      <Filter>zlib</Filter>
    </ClCompile>
    <ClCompile Include="..\ThirdParty\zlib\gzclose.c">
      <Filter>zlib</Filter>
    </ClCompile>
    <ClCompile Include="..\ThirdParty\zlib\gzlib.c">
      <Filter>zlib</Filter>
    </ClCompile>
    <ClCompile Include="..\ThirdParty\zlib\gzread.c">
      <Filter>zlib</Filter>
    </ClCompile>
    <ClCompile Include="..\ThirdParty\zlib\gzwrite.c">
      <Filter>zlib</Filter>
    </ClCompile>
    <ClCompile Include="..\ThirdParty\zlib\infback.c">
      <Filter>zlib</Filter>
    </ClCompile>
    <ClCompile Include="..\ThirdParty\zlib\inffast.c">
      <Filter>zlib</Filter>
    </ClCompile>
    <ClCompile Include="..\ThirdParty\zlib\inflate.c">
      <Filter>zlib</Filter>
    </ClCompile>
    <ClCompile Include="..\ThirdParty\zlib\inftrees.c">
      <Filter>zlib</Filter>
    </ClCompile>
    <ClCompile Include="..\ThirdParty\libpng\png.c">
      <Filter>libpng</Filter>
    </ClCompile>
    <ClCompile Include="..\ThirdParty\libpng\pngerror.c">
      <Filter>libpng</Filter>
    </ClCompile>
    <ClCompile Include="..\ThirdParty\libpng\pngget.c">
      <Filter>libpng</Filter>
    </ClCompile>
    <ClCompile Include="..\ThirdParty\libpng\pngmem.c">
      <Filter>libpng</Filter>
    </ClCompile>
    <ClCompile Include="..\ThirdParty\libpng\pngpread.c">
      <Filter>libpng</Filter>
    </ClCompile>
    <ClCompile Include="..\ThirdParty\libpng\pngread.c">
      <Filter>libpng</Filter>
    </ClCompile>
    <ClCompile Include="..\ThirdParty\libpng\pngrio.c">
      <Filter>libpng</Filter>
    </ClCompile>
    <ClCompile Include="..\ThirdParty\libpng\pngrtran.c">
      <Filter>libpng</Filter>
    </ClCompile>
    <ClCompile Include="..\ThirdParty\libpng\pngrutil.c">
      <Filter>libpng</Filter>
    </ClCompile>
    <ClCompile Include="..\ThirdParty\libpng\pngset.c">
      <Filter>libpng</Filter>
    </ClCompile>
    <ClCompile Include="..\ThirdParty\libpng\pngtest.c">
      <Filter>libpng</Filter>
    </ClCompile>
    <ClCompile Include="..\ThirdParty\libpng\pngtrans.c">
      <Filter>libpng</Filter>
    </ClCompile>
    <ClCompile Include="..\ThirdParty\libpng\pngwio.c">
      <Filter>libpng</Filter>
    </ClCompile>
    <ClCompile Include="..\ThirdParty\libpng\pngwrite.c">
      <Filter>libpng</Filter>
    </ClCompile>
    <ClCompile Include="..\ThirdParty\libpng\pngwtran.c">
      <Filter>libpng</Filter>
    </ClCompile>
    <ClCompile Include="..\ThirdParty\libpng\pngwutil.c">
      <Filter>libpng</Filter>
    </ClCompile>
    <ClCompile Include="..\ThirdParty\zlib\trees.c">
      <Filter>zlib</Filter>
    </ClCompile>
    <ClCompile Include="..\ThirdParty\zlib\uncompr.c">
      <Filter>zlib</Filter>
    </ClCompile>
    <ClCompile Include="..\ThirdParty\zlib\zutil.c">
      <Filter>zlib</Filter>
    </ClCompile>
    <ClCompile Include="InteropDirect3D11.cpp" />
    <ClCompile Include="InteropDirect3D12.cpp" />
    <ClCompile Include="InteropDirect3DCompiler.cpp" />
    <ClCompile Include="InteropDXGI.cpp" />
    <ClCompile Include="InteropLibPNG.cpp" />
    <ClCompile Include="RaytraceExportCPU.cpp" />
    <ClCompile Include="RenderToyCLI.cpp" />
    <ClCompile Include="Arcturus\D3D12Utility.cpp">
      <Filter>Arcturus</Filter>
    </ClCompile>
    <ClCompile Include="Arcturus\ErrorD3D.cpp">
      <Filter>Arcturus</Filter>
    </ClCompile>
    <ClCompile Include="Arcturus\ErrorVK.cpp">
      <Filter>Arcturus</Filter>
    </ClCompile>
    <ClCompile Include="Arcturus\IBuffer_D3D12.cpp">
      <Filter>Arcturus</Filter>
    </ClCompile>
    <ClCompile Include="Arcturus\IBuffer_Vulkan.cpp">
      <Filter>Arcturus</Filter>
    </ClCompile>
    <ClCompile Include="Arcturus\IConstantBuffer_D3D12.cpp">
      <Filter>Arcturus</Filter>
    </ClCompile>
    <ClCompile Include="Arcturus\IConstantBuffer_Vulkan.cpp">
      <Filter>Arcturus</Filter>
    </ClCompile>
    <ClCompile Include="Arcturus\IConstantBufferView_D3D12.cpp">
      <Filter>Arcturus</Filter>
    </ClCompile>
    <ClCompile Include="Arcturus\IConstantBufferView_Vulkan.cpp">
      <Filter>Arcturus</Filter>
    </ClCompile>
    <ClCompile Include="Arcturus\IDevice3D.cpp">
      <Filter>Arcturus</Filter>
    </ClCompile>
    <ClCompile Include="Arcturus\IDevice3D_D3D12.cpp">
      <Filter>Arcturus</Filter>
    </ClCompile>
    <ClCompile Include="Arcturus\IDevice3D_Vulkan.cpp">
      <Filter>Arcturus</Filter>
    </ClCompile>
    <ClCompile Include="Arcturus\IIndexBuffer_D3D12.cpp">
      <Filter>Arcturus</Filter>
    </ClCompile>
    <ClCompile Include="Arcturus\IIndexBuffer_Vulkan.cpp">
      <Filter>Arcturus</Filter>
    </ClCompile>
    <ClCompile Include="Arcturus\IRaytrace_D3D12.cpp">
      <Filter>Arcturus</Filter>
    </ClCompile>
    <ClCompile Include="Arcturus\IRenderTarget_D3D12.cpp">
      <Filter>Arcturus</Filter>
    </ClCompile>
    <ClCompile Include="Arcturus\IRenderTarget_Vulkan.cpp">
      <Filter>Arcturus</Filter>
    </ClCompile>
    <ClCompile Include="Arcturus\IShader_D3D12.cpp">
      <Filter>Arcturus</Filter>
    </ClCompile>
    <ClCompile Include="Arcturus\IShader_Vulkan.cpp">
      <Filter>Arcturus</Filter>
    </ClCompile>
    <ClCompile Include="Arcturus\ITexture_D3D12.cpp">
      <Filter>Arcturus</Filter>
    </ClCompile>
    <ClCompile Include="Arcturus\ITexture_Vulkan.cpp">
      <Filter>Arcturus</Filter>
    </ClCompile>
    <ClCompile Include="Arcturus\IVertexBuffer_D3D12.cpp">
      <Filter>Arcturus</Filter>
    </ClCompile>
    <ClCompile Include="Arcturus\IVertexBuffer_Vulkan.cpp">
      <Filter>Arcturus</Filter>
    </ClCompile>
    <ClCompile Include="Arcturus\MDevice3D.cpp">
      <Filter>Arcturus</Filter>
    </ClCompile>
    <ClCompile Include="Arcturus\MDevice3D_D3D9.cpp">
      <Filter>Arcturus</Filter>
    </ClCompile>
    <ClCompile Include="Arcturus\MDrawingContext.cpp">
      <Filter>Arcturus</Filter>
    </ClCompile>
    <ClCompile Include="Arcturus\MStub.cpp">
      <Filter>Arcturus</Filter>
    </ClCompile>
    <ClCompile Include="Arcturus\DrawingContextReference.cpp">
      <Filter>Arcturus</Filter>
    </ClCompile>
    <ClCompile Include="Arcturus\MDrawingContextReference.cpp">
      <Filter>Arcturus</Filter>
    </ClCompile>
    <ClCompile Include="Arcturus\DrawingContextMesh.cpp">
      <Filter>Arcturus</Filter>
    </ClCompile>
  </ItemGroup>
  <ItemGroup>
    <ClInclude Include="..\ThirdParty\zlib\crc32.h">
      <Filter>zlib</Filter>
    </ClInclude>
    <ClInclude Include="..\ThirdParty\zlib\deflate.h">
      <Filter>zlib</Filter>
    </ClInclude>
    <ClInclude Include="..\ThirdParty\zlib\gzguts.h">
      <Filter>zlib</Filter>
    </ClInclude>
    <ClInclude Include="..\ThirdParty\zlib\inffast.h">
      <Filter>zlib</Filter>
    </ClInclude>
    <ClInclude Include="..\ThirdParty\zlib\inffixed.h">
      <Filter>zlib</Filter>
    </ClInclude>
    <ClInclude Include="..\ThirdParty\zlib\inflate.h">
      <Filter>zlib</Filter>
    </ClInclude>
    <ClInclude Include="..\ThirdParty\zlib\inftrees.h">
      <Filter>zlib</Filter>
    </ClInclude>
    <ClInclude Include="..\ThirdParty\libpng\png.h">
      <Filter>libpng</Filter>
    </ClInclude>
    <ClInclude Include="..\ThirdParty\libpng\pngconf.h">
      <Filter>libpng</Filter>
    </ClInclude>
    <ClInclude Include="..\ThirdParty\libpng\pngdebug.h">
      <Filter>libpng</Filter>
    </ClInclude>
    <ClInclude Include="..\ThirdParty\libpng\pnginfo.h">
      <Filter>libpng</Filter>
    </ClInclude>
    <ClInclude Include="..\ThirdParty\libpng\pnglibconf.h">
      <Filter>libpng</Filter>
    </ClInclude>
    <ClInclude Include="..\ThirdParty\libpng\pngpriv.h">
      <Filter>libpng</Filter>
    </ClInclude>
    <ClInclude Include="..\ThirdParty\libpng\pngstruct.h">
      <Filter>libpng</Filter>
    </ClInclude>
    <ClInclude Include="..\ThirdParty\zlib\trees.h">
      <Filter>zlib</Filter>
    </ClInclude>
    <ClInclude Include="..\ThirdParty\zlib\zconf.h">
      <Filter>zlib</Filter>
    </ClInclude>
    <ClInclude Include="..\ThirdParty\zlib\zlib.h">
      <Filter>zlib</Filter>
    </ClInclude>
    <ClInclude Include="..\ThirdParty\zlib\zutil.h">
      <Filter>zlib</Filter>
    </ClInclude>
    <ClInclude Include="InteropCommon.h" />
    <ClInclude Include="Raytrace.h" />
    <ClInclude Include="RaytraceExportCPU.h" />
    <ClInclude Include="Arcturus\AutoRelease.h">
      <Filter>Arcturus</Filter>
    </ClInclude>
    <ClInclude Include="Arcturus\D3D12Utility.h">
      <Filter>Arcturus</Filter>
    </ClInclude>
    <ClInclude Include="Arcturus\ErrorD3D.h">
      <Filter>Arcturus</Filter>
    </ClInclude>
    <ClInclude Include="Arcturus\ErrorVK.h">
      <Filter>Arcturus</Filter>
    </ClInclude>
    <ClInclude Include="Arcturus\IBuffer_D3D12.h">
      <Filter>Arcturus</Filter>
    </ClInclude>
    <ClInclude Include="Arcturus\IBuffer_Vulkan.h">
      <Filter>Arcturus</Filter>
    </ClInclude>
    <ClInclude Include="Arcturus\IConstantBuffer.h">
      <Filter>Arcturus</Filter>
    </ClInclude>
    <ClInclude Include="Arcturus\IConstantBuffer_D3D12.h">
      <Filter>Arcturus</Filter>
    </ClInclude>
    <ClInclude Include="Arcturus\IConstantBuffer_Vulkan.h">
      <Filter>Arcturus</Filter>
    </ClInclude>
    <ClInclude Include="Arcturus\IConstantBufferView.h">
      <Filter>Arcturus</Filter>
    </ClInclude>
    <ClInclude Include="Arcturus\IConstantBufferView_D3D12.h">
      <Filter>Arcturus</Filter>
    </ClInclude>
    <ClInclude Include="Arcturus\IConstantBufferView_Vulkan.h">
      <Filter>Arcturus</Filter>
    </ClInclude>
    <ClInclude Include="Arcturus\dxr.dxil.h">
      <Filter>Arcturus</Filter>
    </ClInclude>
    <ClInclude Include="Arcturus\IDevice3D.h">
      <Filter>Arcturus</Filter>
    </ClInclude>
    <ClInclude Include="Arcturus\IDevice3D_D3D12.h">
      <Filter>Arcturus</Filter>
    </ClInclude>
    <ClInclude Include="Arcturus\IDevice3D_Vulkan.h">
      <Filter>Arcturus</Filter>
    </ClInclude>
    <ClInclude Include="Arcturus\IDrawingContext.h">
      <Filter>Arcturus</Filter>
    </ClInclude>
    <ClInclude Include="Arcturus\IDrawingContextAccess.h">
      <Filter>Arcturus</Filter>
    </ClInclude>
    <ClInclude Include="Arcturus\IIndexBuffer.h">
      <Filter>Arcturus</Filter>
    </ClInclude>
    <ClInclude Include="Arcturus\IIndexBuffer_D3D12.h">
      <Filter>Arcturus</Filter>
    </ClInclude>
    <ClInclude Include="Arcturus\IIndexBuffer_Vulkan.h">
      <Filter>Arcturus</Filter>
    </ClInclude>
    <ClInclude Include="Arcturus\IObject.h">
      <Filter>Arcturus</Filter>
    </ClInclude>
    <ClInclude Include="Arcturus\IRaytrace_D3D12.h">
      <Filter>Arcturus</Filter>
    </ClInclude>
    <ClInclude Include="Arcturus\IRenderTarget.h">
      <Filter>Arcturus</Filter>
    </ClInclude>
    <ClInclude Include="Arcturus\IRenderTarget_D3D12.h">
      <Filter>Arcturus</Filter>
    </ClInclude>
    <ClInclude Include="Arcturus\IRenderTarget_Vulkan.h">
      <Filter>Arcturus</Filter>
    </ClInclude>
    <ClInclude Include="Arcturus\IShader.h">
      <Filter>Arcturus</Filter>
    </ClInclude>
    <ClInclude Include="Arcturus\IShader_D3D12.h">
      <Filter>Arcturus</Filter>
    </ClInclude>
    <ClInclude Include="Arcturus\IShader_Vulkan.h">
      <Filter>Arcturus</Filter>
    </ClInclude>
    <ClInclude Include="Arcturus\ITexture.h">
      <Filter>Arcturus</Filter>
    </ClInclude>
    <ClInclude Include="Arcturus\ITexture_D3D12.h">
      <Filter>Arcturus</Filter>
    </ClInclude>
    <ClInclude Include="Arcturus\ITexture_Vulkan.h">
      <Filter>Arcturus</Filter>
    </ClInclude>
    <ClInclude Include="Arcturus\IVertexBuffer.h">
      <Filter>Arcturus</Filter>
    </ClInclude>
    <ClInclude Include="Arcturus\IVertexBuffer_D3D12.h">
      <Filter>Arcturus</Filter>
    </ClInclude>
    <ClInclude Include="Arcturus\IVertexBuffer_Vulkan.h">
      <Filter>Arcturus</Filter>
    </ClInclude>
    <ClInclude Include="Arcturus\Types3D.h">
      <Filter>Arcturus</Filter>
    </ClInclude>
    <ClInclude Include="Arcturus\Vector.h">
      <Filter>Arcturus</Filter>
    </ClInclude>
    <ClInclude Include="Arcturus\VulkanInclude.h">
      <Filter>Arcturus</Filter>
    </ClInclude>
    <ClInclude Include="Arcturus\MDevice3D.h">
      <Filter>Arcturus</Filter>
    </ClInclude>
    <ClInclude Include="Arcturus\MIDrawingContext.h">
      <Filter>Arcturus</Filter>
    </ClInclude>
    <ClInclude Include="Arcturus\MIDrawingContextAccess.h">
      <Filter>Arcturus</Filter>
    </ClInclude>
    <ClInclude Include="Arcturus\MStub.h">
      <Filter>Arcturus</Filter>
    </ClInclude>
    <ClInclude Include="Arcturus\MTypes3D.h">
      <Filter>Arcturus</Filter>
    </ClInclude>
    <ClInclude Include="Arcturus\MVector.h">
      <Filter>Arcturus</Filter>
    </ClInclude>
    <ClInclude Include="Arcturus\DrawingContextReference.h">
      <Filter>Arcturus</Filter>
    </ClInclude>
    <ClInclude Include="Arcturus\DrawingContextMesh.h">
      <Filter>Arcturus</Filter>
    </ClInclude>
  </ItemGroup>
  <ItemGroup>
    <Text Include="README.txt" />
  </ItemGroup>
  <ItemGroup>
    <Filter Include="zlib">
      <UniqueIdentifier>{79dce90f-fb59-4507-ab69-5e75b07f103f}</UniqueIdentifier>
    </Filter>
    <Filter Include="libpng">
      <UniqueIdentifier>{9157a144-ec92-43f6-9cd3-8346b931f10a}</UniqueIdentifier>
    </Filter>
    <Filter Include="Arcturus">
      <UniqueIdentifier>{3cfb094f-04ba-437d-917a-a7e0370d6050}</UniqueIdentifier>
    </Filter>
  </ItemGroup>
  <ItemGroup>
    <None Include="Raytrace.inc" />
  </ItemGroup>
  <ItemGroup>
    <FxCompile Include="Arcturus\dxr.hlsl">
      <Filter>Arcturus</Filter>
    </FxCompile>
  </ItemGroup>
</Project>